
Microsoft Visual Studio Solution File, Format Version 12.00
# Visual Studio 15
VisualStudioVersion = 15.0.27703.2018
MinimumVisualStudioVersion = 10.0.40219.1
Project("{2150E333-8FDC-42A3-9474-1A3956D46DE8}") = "04-Hosting", "04-Hosting", "{79F09481-36DA-44B9-9578-71DD88F32C19}"
EndProject
Project("{9A19103F-16F7-4668-BE54-9A1E7A4F7556}") = "TP.Web.Agent", "TP.Web.Agent\TP.Web.Agent.csproj", "{9E147B7C-DC12-4892-96E5-5B1B89BAB123}"
EndProject
Project("{9A19103F-16F7-4668-BE54-9A1E7A4F7556}") = "TP.Web.Core", "TP.Web.Core\TP.Web.Core.csproj", "{2C65CBF7-29AD-472A-927F-E71650FCA9C4}"
EndProject
Project("{2150E333-8FDC-42A3-9474-1A3956D46DE8}") = "01-Core", "01-Core", "{F5A9AD9F-01FB-4546-B9C8-02936F021F30}"
EndProject
Project("{2150E333-8FDC-42A3-9474-1A3956D46DE8}") = "02-ResourceAccess", "02-ResourceAccess", "{D68ACDC0-6BDB-4159-BD06-32C4B669D2B3}"
EndProject
Project("{2150E333-8FDC-42A3-9474-1A3956D46DE8}") = "03-BusinessLogic", "03-BusinessLogic", "{55F38415-0F72-4E12-9244-40BA1CA49C6C}"
EndProject
Project("{9A19103F-16F7-4668-BE54-9A1E7A4F7556}") = "TP.Core", "TP.Core\TP.Core.csproj", "{E59C534F-AF0D-421C-B611-9B586DBABC6E}"
EndProject
Project("{9A19103F-16F7-4668-BE54-9A1E7A4F7556}") = "TP.Core.IoC", "TP.Core.IoC\TP.Core.IoC.csproj", "{F158F6AA-9D3A-46E2-B268-E392615BA769}"
EndProject
Project("{9A19103F-16F7-4668-BE54-9A1E7A4F7556}") = "TP.Data", "TP.Data\TP.Data.csproj", "{E6F0EC74-F1E9-4702-8C72-50CCBA3EB917}"
EndProject
Project("{9A19103F-16F7-4668-BE54-9A1E7A4F7556}") = "TP.Data.Entities", "TP.Data.Entities\TP.Data.Entities.csproj", "{5D1EE8FA-F139-4E9A-A52E-98EDF0B79A5F}"
EndProject
Project("{9A19103F-16F7-4668-BE54-9A1E7A4F7556}") = "TP.Business", "TP.Business\TP.Business.csproj", "{D59A82F0-745C-432C-8B4A-2F98C0A7FC83}"
EndProject
Project("{9A19103F-16F7-4668-BE54-9A1E7A4F7556}") = "TP.Core.Mapper", "TP.Core.Mapper\TP.Core.Mapper.csproj", "{5E934DB1-CE64-44B9-9443-AACE9B789245}"
EndProject
Project("{00D1A9C2-B5F0-4AF3-8072-F6C62B433612}") = "TP.Data.DatabaseSchema", "TP.Data.DatabaseSchema\TP.Data.DatabaseSchema.sqlproj", "{EA80D358-9192-4BD1-8CA1-FA2D15E1D501}"
EndProject
Global
	GlobalSection(SolutionConfigurationPlatforms) = preSolution
		Debug|Any CPU = Debug|Any CPU
		Release|Any CPU = Release|Any CPU
	EndGlobalSection
	GlobalSection(ProjectConfigurationPlatforms) = postSolution
		{9E147B7C-DC12-4892-96E5-5B1B89BAB123}.Debug|Any CPU.ActiveCfg = Debug|Any CPU
		{9E147B7C-DC12-4892-96E5-5B1B89BAB123}.Debug|Any CPU.Build.0 = Debug|Any CPU
		{9E147B7C-DC12-4892-96E5-5B1B89BAB123}.Release|Any CPU.ActiveCfg = Release|Any CPU
		{9E147B7C-DC12-4892-96E5-5B1B89BAB123}.Release|Any CPU.Build.0 = Release|Any CPU
		{2C65CBF7-29AD-472A-927F-E71650FCA9C4}.Debug|Any CPU.ActiveCfg = Debug|Any CPU
		{2C65CBF7-29AD-472A-927F-E71650FCA9C4}.Debug|Any CPU.Build.0 = Debug|Any CPU
		{2C65CBF7-29AD-472A-927F-E71650FCA9C4}.Release|Any CPU.ActiveCfg = Release|Any CPU
		{2C65CBF7-29AD-472A-927F-E71650FCA9C4}.Release|Any CPU.Build.0 = Release|Any CPU
		{E59C534F-AF0D-421C-B611-9B586DBABC6E}.Debug|Any CPU.ActiveCfg = Debug|Any CPU
		{E59C534F-AF0D-421C-B611-9B586DBABC6E}.Debug|Any CPU.Build.0 = Debug|Any CPU
		{E59C534F-AF0D-421C-B611-9B586DBABC6E}.Release|Any CPU.ActiveCfg = Release|Any CPU
		{E59C534F-AF0D-421C-B611-9B586DBABC6E}.Release|Any CPU.Build.0 = Release|Any CPU
		{F158F6AA-9D3A-46E2-B268-E392615BA769}.Debug|Any CPU.ActiveCfg = Debug|Any CPU
		{F158F6AA-9D3A-46E2-B268-E392615BA769}.Debug|Any CPU.Build.0 = Debug|Any CPU
		{F158F6AA-9D3A-46E2-B268-E392615BA769}.Release|Any CPU.ActiveCfg = Release|Any CPU
		{F158F6AA-9D3A-46E2-B268-E392615BA769}.Release|Any CPU.Build.0 = Release|Any CPU
		{E6F0EC74-F1E9-4702-8C72-50CCBA3EB917}.Debug|Any CPU.ActiveCfg = Debug|Any CPU
		{E6F0EC74-F1E9-4702-8C72-50CCBA3EB917}.Debug|Any CPU.Build.0 = Debug|Any CPU
		{E6F0EC74-F1E9-4702-8C72-50CCBA3EB917}.Release|Any CPU.ActiveCfg = Release|Any CPU
		{E6F0EC74-F1E9-4702-8C72-50CCBA3EB917}.Release|Any CPU.Build.0 = Release|Any CPU
		{5D1EE8FA-F139-4E9A-A52E-98EDF0B79A5F}.Debug|Any CPU.ActiveCfg = Debug|Any CPU
		{5D1EE8FA-F139-4E9A-A52E-98EDF0B79A5F}.Debug|Any CPU.Build.0 = Debug|Any CPU
		{5D1EE8FA-F139-4E9A-A52E-98EDF0B79A5F}.Release|Any CPU.ActiveCfg = Release|Any CPU
		{5D1EE8FA-F139-4E9A-A52E-98EDF0B79A5F}.Release|Any CPU.Build.0 = Release|Any CPU
		{D59A82F0-745C-432C-8B4A-2F98C0A7FC83}.Debug|Any CPU.ActiveCfg = Debug|Any CPU
		{D59A82F0-745C-432C-8B4A-2F98C0A7FC83}.Debug|Any CPU.Build.0 = Debug|Any CPU
		{D59A82F0-745C-432C-8B4A-2F98C0A7FC83}.Release|Any CPU.ActiveCfg = Release|Any CPU
		{D59A82F0-745C-432C-8B4A-2F98C0A7FC83}.Release|Any CPU.Build.0 = Release|Any CPU
		{5E934DB1-CE64-44B9-9443-AACE9B789245}.Debug|Any CPU.ActiveCfg = Debug|Any CPU
		{5E934DB1-CE64-44B9-9443-AACE9B789245}.Debug|Any CPU.Build.0 = Debug|Any CPU
		{5E934DB1-CE64-44B9-9443-AACE9B789245}.Release|Any CPU.ActiveCfg = Release|Any CPU
		{5E934DB1-CE64-44B9-9443-AACE9B789245}.Release|Any CPU.Build.0 = Release|Any CPU
		{EA80D358-9192-4BD1-8CA1-FA2D15E1D501}.Debug|Any CPU.ActiveCfg = Debug|Any CPU
		{EA80D358-9192-4BD1-8CA1-FA2D15E1D501}.Debug|Any CPU.Build.0 = Debug|Any CPU
		{EA80D358-9192-4BD1-8CA1-FA2D15E1D501}.Debug|Any CPU.Deploy.0 = Debug|Any CPU
		{EA80D358-9192-4BD1-8CA1-FA2D15E1D501}.Release|Any CPU.ActiveCfg = Release|Any CPU
		{EA80D358-9192-4BD1-8CA1-FA2D15E1D501}.Release|Any CPU.Build.0 = Release|Any CPU
		{EA80D358-9192-4BD1-8CA1-FA2D15E1D501}.Release|Any CPU.Deploy.0 = Release|Any CPU
	EndGlobalSection
	GlobalSection(SolutionProperties) = preSolution
		HideSolutionNode = FALSE
	EndGlobalSection
	GlobalSection(NestedProjects) = preSolution
		{9E147B7C-DC12-4892-96E5-5B1B89BAB123} = {79F09481-36DA-44B9-9578-71DD88F32C19}
		{2C65CBF7-29AD-472A-927F-E71650FCA9C4} = {79F09481-36DA-44B9-9578-71DD88F32C19}
		{E59C534F-AF0D-421C-B611-9B586DBABC6E} = {F5A9AD9F-01FB-4546-B9C8-02936F021F30}
		{F158F6AA-9D3A-46E2-B268-E392615BA769} = {F5A9AD9F-01FB-4546-B9C8-02936F021F30}
		{E6F0EC74-F1E9-4702-8C72-50CCBA3EB917} = {D68ACDC0-6BDB-4159-BD06-32C4B669D2B3}
		{5D1EE8FA-F139-4E9A-A52E-98EDF0B79A5F} = {D68ACDC0-6BDB-4159-BD06-32C4B669D2B3}
		{D59A82F0-745C-432C-8B4A-2F98C0A7FC83} = {55F38415-0F72-4E12-9244-40BA1CA49C6C}
		{5E934DB1-CE64-44B9-9443-AACE9B789245} = {F5A9AD9F-01FB-4546-B9C8-02936F021F30}
		{EA80D358-9192-4BD1-8CA1-FA2D15E1D501} = {D68ACDC0-6BDB-4159-BD06-32C4B669D2B3}
	EndGlobalSection
	GlobalSection(ExtensibilityGlobals) = postSolution
		SolutionGuid = {D0A5BF83-A4F4-4D79-BB12-480902B71CE5}
	EndGlobalSection
EndGlobal
